// !$*UTF8*$!
{
	archiveVersion = 1;
	classes = {
	};
	objectVersion = 50;
	objects = {

/* Begin PBXBuildFile section */
		27CC69A024253AE40063B43C /* AppDelegate.swift in Sources */ = {isa = PBXBuildFile; fileRef = 27CC699F24253AE40063B43C /* AppDelegate.swift */; };
		27CC69A224253AE40063B43C /* SceneDelegate.swift in Sources */ = {isa = PBXBuildFile; fileRef = 27CC69A124253AE40063B43C /* SceneDelegate.swift */; };
		27CC69A424253AE40063B43C /* ViewController.swift in Sources */ = {isa = PBXBuildFile; fileRef = 27CC69A324253AE40063B43C /* ViewController.swift */; };
		27CC69A724253AE40063B43C /* Main.storyboard in Resources */ = {isa = PBXBuildFile; fileRef = 27CC69A524253AE40063B43C /* Main.storyboard */; };
		27CC69A924253AE50063B43C /* Assets.xcassets in Resources */ = {isa = PBXBuildFile; fileRef = 27CC69A824253AE50063B43C /* Assets.xcassets */; };
		27CC69AC24253AE50063B43C /* LaunchScreen.storyboard in Resources */ = {isa = PBXBuildFile; fileRef = 27CC69AA24253AE50063B43C /* LaunchScreen.storyboard */; };
		27CC69B424253B600063B43C /* home_yellow_background.png in Resources */ = {isa = PBXBuildFile; fileRef = 27CC69B324253B600063B43C /* home_yellow_background.png */; };
		27CC69BA242556EA0063B43C /* Authentication.swift in Sources */ = {isa = PBXBuildFile; fileRef = 27CC69B5242556EA0063B43C /* Authentication.swift */; };
		27CC69BB242556EA0063B43C /* Images.swift in Sources */ = {isa = PBXBuildFile; fileRef = 27CC69B6242556EA0063B43C /* Images.swift */; };
		27CC69BC242556EA0063B43C /* Owner.swift in Sources */ = {isa = PBXBuildFile; fileRef = 27CC69B7242556EA0063B43C /* Owner.swift */; };
		27CC69BD242556EA0063B43C /* Resources.swift in Sources */ = {isa = PBXBuildFile; fileRef = 27CC69B8242556EA0063B43C /* Resources.swift */; };
		27CC69BE242556EA0063B43C /* Json4Swift_Base.swift in Sources */ = {isa = PBXBuildFile; fileRef = 27CC69B9242556EA0063B43C /* Json4Swift_Base.swift */; };
		27CC69C4242589F20063B43C /* Cell Phone Ring.wav in Resources */ = {isa = PBXBuildFile; fileRef = 27CC69C3242589F10063B43C /* Cell Phone Ring.wav */; };
/* End PBXBuildFile section */

/* Begin PBXFileReference section */
		27CC699C24253AE40063B43C /* BellTest2.app */ = {isa = PBXFileReference; explicitFileType = wrapper.application; includeInIndex = 0; path = BellTest2.app; sourceTree = BUILT_PRODUCTS_DIR; };
		27CC699F24253AE40063B43C /* AppDelegate.swift */ = {isa = PBXFileReference; lastKnownFileType = sourcecode.swift; path = AppDelegate.swift; sourceTree = "<group>"; };
		27CC69A124253AE40063B43C /* SceneDelegate.swift */ = {isa = PBXFileReference; lastKnownFileType = sourcecode.swift; path = SceneDelegate.swift; sourceTree = "<group>"; };
		27CC69A324253AE40063B43C /* ViewController.swift */ = {isa = PBXFileReference; lastKnownFileType = sourcecode.swift; path = ViewController.swift; sourceTree = "<group>"; };
		27CC69A624253AE40063B43C /* Base */ = {isa = PBXFileReference; lastKnownFileType = file.storyboard; name = Base; path = Base.lproj/Main.storyboard; sourceTree = "<group>"; };
		27CC69A824253AE50063B43C /* Assets.xcassets */ = {isa = PBXFileReference; lastKnownFileType = folder.assetcatalog; path = Assets.xcassets; sourceTree = "<group>"; };
		27CC69AB24253AE50063B43C /* Base */ = {isa = PBXFileReference; lastKnownFileType = file.storyboard; name = Base; path = Base.lproj/LaunchScreen.storyboard; sourceTree = "<group>"; };
		27CC69AD24253AE50063B43C /* Info.plist */ = {isa = PBXFileReference; lastKnownFileType = text.plist.xml; path = Info.plist; sourceTree = "<group>"; };
		27CC69B324253B600063B43C /* home_yellow_background.png */ = {isa = PBXFileReference; lastKnownFileType = image.png; path = home_yellow_background.png; sourceTree = "<group>"; };
		27CC69B5242556EA0063B43C /* Authentication.swift */ = {isa = PBXFileReference; fileEncoding = 4; lastKnownFileType = sourcecode.swift; path = Authentication.swift; sourceTree = "<group>"; };
		27CC69B6242556EA0063B43C /* Images.swift */ = {isa = PBXFileReference; fileEncoding = 4; lastKnownFileType = sourcecode.swift; path = Images.swift; sourceTree = "<group>"; };
		27CC69B7242556EA0063B43C /* Owner.swift */ = {isa = PBXFileReference; fileEncoding = 4; lastKnownFileType = sourcecode.swift; path = Owner.swift; sourceTree = "<group>"; };
		27CC69B8242556EA0063B43C /* Resources.swift */ = {isa = PBXFileReference; fileEncoding = 4; lastKnownFileType = sourcecode.swift; path = Resources.swift; sourceTree = "<group>"; };
		27CC69B9242556EA0063B43C /* Json4Swift_Base.swift */ = {isa = PBXFileReference; fileEncoding = 4; lastKnownFileType = sourcecode.swift; path = Json4Swift_Base.swift; sourceTree = "<group>"; };
		27CC69C3242589F10063B43C /* Cell Phone Ring.wav */ = {isa = PBXFileReference; lastKnownFileType = audio.wav; path = "Cell Phone Ring.wav"; sourceTree = "<group>"; };
/* End PBXFileReference section */

/* Begin PBXFrameworksBuildPhase section */
		27CC699924253AE40063B43C /* Frameworks */ = {
			isa = PBXFrameworksBuildPhase;
			buildActionMask = 2147483647;
			files = (
			);
			runOnlyForDeploymentPostprocessing = 0;
		};
/* End PBXFrameworksBuildPhase section */

/* Begin PBXGroup section */
		27CC699324253AE40063B43C = {
			isa = PBXGroup;
			children = (
				27CC699E24253AE40063B43C /* BellTest2 */,
				27CC699D24253AE40063B43C /* Products */,
			);
			sourceTree = "<group>";
		};
		27CC699D24253AE40063B43C /* Products */ = {
			isa = PBXGroup;
			children = (
				27CC699C24253AE40063B43C /* BellTest2.app */,
			);
			name = Products;
			sourceTree = "<group>";
		};
		27CC699E24253AE40063B43C /* BellTest2 */ = {
			isa = PBXGroup;
			children = (
				27CC699F24253AE40063B43C /* AppDelegate.swift */,
				27CC69A124253AE40063B43C /* SceneDelegate.swift */,
				27CC69A324253AE40063B43C /* ViewController.swift */,
				27CC69A524253AE40063B43C /* Main.storyboard */,
				27CC69B324253B600063B43C /* home_yellow_background.png */,
				27CC69A824253AE50063B43C /* Assets.xcassets */,
				27CC69AA24253AE50063B43C /* LaunchScreen.storyboard */,
				27CC69AD24253AE50063B43C /* Info.plist */,
				27CC69B5242556EA0063B43C /* Authentication.swift */,
				27CC69B6242556EA0063B43C /* Images.swift */,
				27CC69B9242556EA0063B43C /* Json4Swift_Base.swift */,
				27CC69B7242556EA0063B43C /* Owner.swift */,
				27CC69B8242556EA0063B43C /* Resources.swift */,
				27CC69C3242589F10063B43C /* Cell Phone Ring.wav */,
			);
			path = BellTest2;
			sourceTree = "<group>";
		};
/* End PBXGroup section */

/* Begin PBXNativeTarget section */
		27CC699B24253AE40063B43C /* BellTest2 */ = {
			isa = PBXNativeTarget;
			buildConfigurationList = 27CC69B024253AE50063B43C /* Build configuration list for PBXNativeTarget "BellTest2" */;
			buildPhases = (
				27CC699824253AE40063B43C /* Sources */,
				27CC699924253AE40063B43C /* Frameworks */,
				27CC699A24253AE40063B43C /* Resources */,
			);
			buildRules = (
			);
			dependencies = (
			);
			name = BellTest2;
			productName = BellTest2;
			productReference = 27CC699C24253AE40063B43C /* BellTest2.app */;
			productType = "com.apple.product-type.application";
		};
/* End PBXNativeTarget section */

/* Begin PBXProject section */
		27CC699424253AE40063B43C /* Project object */ = {
			isa = PBXProject;
			attributes = {
				LastSwiftUpdateCheck = 1140;
				LastUpgradeCheck = 1140;
				ORGANIZATIONNAME = "Rooh Bear Corporation";
				TargetAttributes = {
					27CC699B24253AE40063B43C = {
						CreatedOnToolsVersion = 11.4;
					};
				};
			};
			buildConfigurationList = 27CC699724253AE40063B43C /* Build configuration list for PBXProject "BellTest2" */;
			compatibilityVersion = "Xcode 9.3";
			developmentRegion = en;
			hasScannedForEncodings = 0;
			knownRegions = (
				en,
				Base,
			);
			mainGroup = 27CC699324253AE40063B43C;
			productRefGroup = 27CC699D24253AE40063B43C /* Products */;
			projectDirPath = "";
			projectRoot = "";
			targets = (
				27CC699B24253AE40063B43C /* BellTest2 */,
			);
		};
/* End PBXProject section */

/* Begin PBXResourcesBuildPhase section */
		27CC699A24253AE40063B43C /* Resources */ = {
			isa = PBXResourcesBuildPhase;
			buildActionMask = 2147483647;
			files = (
				27CC69B424253B600063B43C /* home_yellow_background.png in Resources */,
				27CC69AC24253AE50063B43C /* LaunchScreen.storyboard in Resources */,
				27CC69A924253AE50063B43C /* Assets.xcassets in Resources */,
				27CC69C4242589F20063B43C /* Cell Phone Ring.wav in Resources */,
				27CC69A724253AE40063B43C /* Main.storyboard in Resources */,
			);
			runOnlyForDeploymentPostprocessing = 0;
		};
/* End PBXResourcesBuildPhase section */

/* Begin PBXSourcesBuildPhase section */
		27CC699824253AE40063B43C /* Sources */ = {
			isa = PBXSourcesBuildPhase;
			buildActionMask = 2147483647;
			files = (
				27CC69A424253AE40063B43C /* ViewController.swift in Sources */,
				27CC69BC242556EA0063B43C /* Owner.swift in Sources */,
				27CC69BD242556EA0063B43C /* Resources.swift in Sources */,
				27CC69A024253AE40063B43C /* AppDelegate.swift in Sources */,
				27CC69BB242556EA0063B43C /* Images.swift in Sources */,
				27CC69BE242556EA0063B43C /* Json4Swift_Base.swift in Sources */,
				27CC69A224253AE40063B43C /* SceneDelegate.swift in Sources */,
				27CC69BA242556EA0063B43C /* Authentication.swift in Sources */,
			);
			runOnlyForDeploymentPostprocessing = 0;
		};
/* End PBXSourcesBuildPhase section */

/* Begin PBXVariantGroup section */
		27CC69A524253AE40063B43C /* Main.storyboard */ = {
			isa = PBXVariantGroup;
			children = (
				27CC69A624253AE40063B43C /* Base */,
			);
			name = Main.storyboard;
			sourceTree = "<group>";
		};
		27CC69AA24253AE50063B43C /* LaunchScreen.storyboard */ = {
			isa = PBXVariantGroup;
			children = (
				27CC69AB24253AE50063B43C /* Base */,
			);
			name = LaunchScreen.storyboard;
			sourceTree = "<group>";
		};
/* End PBXVariantGroup section */

/* Begin XCBuildConfiguration section */
		27CC69AE24253AE50063B43C /* Debug */ = {
			isa = XCBuildConfiguration;
			buildSettings = {
				ALWAYS_SEARCH_USER_PATHS = NO;
				CLANG_ANALYZER_NONNULL = YES;
				CLANG_ANALYZER_NUMBER_OBJECT_CONVERSION = YES_AGGRESSIVE;
				CLANG_CXX_LANGUAGE_STANDARD = "gnu++14";
				CLANG_CXX_LIBRARY = "libc++";
				CLANG_ENABLE_MODULES = YES;
				CLANG_ENABLE_OBJC_ARC = YES;
				CLANG_ENABLE_OBJC_WEAK = YES;
				CLANG_WARN_BLOCK_CAPTURE_AUTORELEASING = YES;
				CLANG_WARN_BOOL_CONVERSION = YES;
				CLANG_WARN_COMMA = YES;
				CLANG_WARN_CONSTANT_CONVERSION = YES;
				CLANG_WARN_DEPRECATED_OBJC_IMPLEMENTATIONS = YES;
				CLANG_WARN_DIRECT_OBJC_ISA_USAGE = YES_ERROR;
				CLANG_WARN_DOCUMENTATION_COMMENTS = YES;
				CLANG_WARN_EMPTY_BODY = YES;
				CLANG_WARN_ENUM_CONVERSION = YES;
				CLANG_WARN_INFINITE_RECURSION = YES;
				CLANG_WARN_INT_CONVERSION = YES;
				CLANG_WARN_NON_LITERAL_NULL_CONVERSION = YES;
				CLANG_WARN_OBJC_IMPLICIT_RETAIN_SELF = YES;
				CLANG_WARN_OBJC_LITERAL_CONVERSION = YES;
				CLANG_WARN_OBJC_ROOT_CLASS = YES_ERROR;
				CLANG_WARN_RANGE_LOOP_ANALYSIS = YES;
				CLANG_WARN_STRICT_PROTOTYPES = YES;
				CLANG_WARN_SUSPICIOUS_MOVE = YES;
				CLANG_WARN_UNGUARDED_AVAILABILITY = YES_AGGRESSIVE;
				CLANG_WARN_UNREACHABLE_CODE = YES;
				CLANG_WARN__DUPLICATE_METHOD_MATCH = YES;
				COPY_PHASE_STRIP = NO;
				DEBUG_INFORMATION_FORMAT = dwarf;
				ENABLE_STRICT_OBJC_MSGSEND = YES;
				ENABLE_TESTABILITY = YES;
				GCC_C_LANGUAGE_STANDARD = gnu11;
				GCC_DYNAMIC_NO_PIC = NO;
				GCC_NO_COMMON_BLOCKS = YES;
				GCC_OPTIMIZATION_LEVEL = 0;
				GCC_PREPROCESSOR_DEFINITIONS = (
					"DEBUG=1",
					"$(inherited)",
				);
				GCC_WARN_64_TO_32_BIT_CONVERSION = YES;
				GCC_WARN_ABOUT_RETURN_TYPE = YES_ERROR;
				GCC_WARN_UNDECLARED_SELECTOR = YES;
				GCC_WARN_UNINITIALIZED_AUTOS = YES_AGGRESSIVE;
				GCC_WARN_UNUSED_FUNCTION = YES;
				GCC_WARN_UNUSED_VARIABLE = YES;
				IPHONEOS_DEPLOYMENT_TARGET = 13.4;
				MTL_ENABLE_DEBUG_INFO = INCLUDE_SOURCE;
				MTL_FAST_MATH = YES;
				ONLY_ACTIVE_ARCH = YES;
				SDKROOT = iphoneos;
				SWIFT_ACTIVE_COMPILATION_CONDITIONS = DEBUG;
				SWIFT_OPTIMIZATION_LEVEL = "-Onone";
			};
			name = Debug;
		};
		27CC69AF24253AE50063B43C /* Release */ = {
			isa = XCBuildConfiguration;
			buildSettings = {
				ALWAYS_SEARCH_USER_PATHS = NO;
				CLANG_ANALYZER_NONNULL = YES;
				CLANG_ANALYZER_NUMBER_OBJECT_CONVERSION = YES_AGGRESSIVE;
				CLANG_CXX_LANGUAGE_STANDARD = "gnu++14";
				CLANG_CXX_LIBRARY = "libc++";
				CLANG_ENABLE_MODULES = YES;
				CLANG_ENABLE_OBJC_ARC = YES;
				CLANG_ENABLE_OBJC_WEAK = YES;
				CLANG_WARN_BLOCK_CAPTURE_AUTORELEASING = YES;
				CLANG_WARN_BOOL_CONVERSION = YES;
				CLANG_WARN_COMMA = YES;
				CLANG_WARN_CONSTANT_CONVERSION = YES;
				CLANG_WARN_DEPRECATED_OBJC_IMPLEMENTATIONS = YES;
				CLANG_WARN_DIRECT_OBJC_ISA_USAGE = YES_ERROR;
				CLANG_WARN_DOCUMENTATION_COMMENTS = YES;
				CLANG_WARN_EMPTY_BODY = YES;
				CLANG_WARN_ENUM_CONVERSION = YES;
				CLANG_WARN_INFINITE_RECURSION = YES;
				CLANG_WARN_INT_CONVERSION = YES;
				CLANG_WARN_NON_LITERAL_NULL_CONVERSION = YES;
				CLANG_WARN_OBJC_IMPLICIT_RETAIN_SELF = YES;
				CLANG_WARN_OBJC_LITERAL_CONVERSION = YES;
				CLANG_WARN_OBJC_ROOT_CLASS = YES_ERROR;
				CLANG_WARN_RANGE_LOOP_ANALYSIS = YES;
				CLANG_WARN_STRICT_PROTOTYPES = YES;
				CLANG_WARN_SUSPICIOUS_MOVE = YES;
				CLANG_WARN_UNGUARDED_AVAILABILITY = YES_AGGRESSIVE;
				CLANG_WARN_UNREACHABLE_CODE = YES;
				CLANG_WARN__DUPLICATE_METHOD_MATCH = YES;
				COPY_PHASE_STRIP = NO;
				DEBUG_INFORMATION_FORMAT = "dwarf-with-dsym";
				ENABLE_NS_ASSERTIONS = NO;
				ENABLE_STRICT_OBJC_MSGSEND = YES;
				GCC_C_LANGUAGE_STANDARD = gnu11;
				GCC_NO_COMMON_BLOCKS = YES;
				GCC_WARN_64_TO_32_BIT_CONVERSION = YES;
				GCC_WARN_ABOUT_RETURN_TYPE = YES_ERROR;
				GCC_WARN_UNDECLARED_SELECTOR = YES;
				GCC_WARN_UNINITIALIZED_AUTOS = YES_AGGRESSIVE;
				GCC_WARN_UNUSED_FUNCTION = YES;
				GCC_WARN_UNUSED_VARIABLE = YES;
				IPHONEOS_DEPLOYMENT_TARGET = 13.4;
				MTL_ENABLE_DEBUG_INFO = NO;
				MTL_FAST_MATH = YES;
				SDKROOT = iphoneos;
				SWIFT_COMPILATION_MODE = wholemodule;
				SWIFT_OPTIMIZATION_LEVEL = "-O";
				VALIDATE_PRODUCT = YES;
			};
			name = Release;
		};
		27CC69B124253AE50063B43C /* Debug */ = {
			isa = XCBuildConfiguration;
			buildSettings = {
				ASSETCATALOG_COMPILER_APPICON_NAME = AppIcon;
				CODE_SIGN_STYLE = Automatic;
				DEVELOPMENT_TEAM = KA8LXKVMVF;
				INFOPLIST_FILE = BellTest2/Info.plist;
				LD_RUNPATH_SEARCH_PATHS = (
					"$(inherited)",
					"@executable_path/Frameworks",
				);
				PRODUCT_BUNDLE_IDENTIFIER = com.RoohBearCorp.BellTest2;
				PRODUCT_NAME = "$(TARGET_NAME)";
				SWIFT_VERSION = 5.0;
				TARGETED_DEVICE_FAMILY = "1,2";
			};
			name = Debug;
		};
		27CC69B224253AE50063B43C /* Release */ = {
			isa = XCBuildConfiguration;
			buildSettings = {
				ASSETCATALOG_COMPILER_APPICON_NAME = AppIcon;
				CODE_SIGN_STYLE = Automatic;
				DEVELOPMENT_TEAM = KA8LXKVMVF;
				INFOPLIST_FILE = BellTest2/Info.plist;
				LD_RUNPATH_SEARCH_PATHS = (
					"$(inherited)",
					"@executable_path/Frameworks",
				);
				PRODUCT_BUNDLE_IDENTIFIER = com.RoohBearCorp.BellTest2;
				PRODUCT_NAME = "$(TARGET_NAME)";
				SWIFT_VERSION = 5.0;
				TARGETED_DEVICE_FAMILY = "1,2";
			};
			name = Release;
		};
/* End XCBuildConfiguration section */

/* Begin XCConfigurationList section */
		27CC699724253AE40063B43C /* Build configuration list for PBXProject "BellTest2" */ = {
			isa = XCConfigurationList;
			buildConfigurations = (
				27CC69AE24253AE50063B43C /* Debug */,
				27CC69AF24253AE50063B43C /* Release */,
			);
			defaultConfigurationIsVisible = 0;
			defaultConfigurationName = Release;
		};
		27CC69B024253AE50063B43C /* Build configuration list for PBXNativeTarget "BellTest2" */ = {
			isa = XCConfigurationList;
			buildConfigurations = (
				27CC69B124253AE50063B43C /* Debug */,
				27CC69B224253AE50063B43C /* Release */,
			);
			defaultConfigurationIsVisible = 0;
			defaultConfigurationName = Release;
		};
/* End XCConfigurationList section */
	};
	rootObject = 27CC699424253AE40063B43C /* Project object */;
}
